
Microsoft Visual Studio Solution File, Format Version 12.00
# Visual Studio Version 16
VisualStudioVersion = 16.0.29911.84
MinimumVisualStudioVersion = 10.0.40219.1
Project("{FAE04EC0-301F-11D3-BF4B-00C04F79EFBC}") = "jQuery Ajax CRUD", "jQuery Ajax CRUD\jQuery Ajax CRUD.csproj", "{DBE00DB6-D519-455D-8C3B-C016118DA85A}"
EndProject
Global
	GlobalSection(SolutionConfigurationPlatforms) = preSolution
		Debug|Any CPU = Debug|Any CPU
		Release|Any CPU = Release|Any CPU
	EndGlobalSection
	GlobalSection(ProjectConfigurationPlatforms) = postSolution
		{DBE00DB6-D519-455D-8C3B-C016118DA85A}.Debug|Any CPU.ActiveCfg = Debug|Any CPU
		{DBE00DB6-D519-455D-8C3B-C016118DA85A}.Debug|Any CPU.Build.0 = Debug|Any CPU
		{DBE00DB6-D519-455D-8C3B-C016118DA85A}.Release|Any CPU.ActiveCfg = Release|Any CPU
		{DBE00DB6-D519-455D-8C3B-C016118DA85A}.Release|Any CPU.Build.0 = Release|Any CPU
	EndGlobalSection
	GlobalSection(SolutionProperties) = preSolution
		HideSolutionNode = FALSE
	EndGlobalSection
	GlobalSection(ExtensibilityGlobals) = postSolution
		SolutionGuid = {76158DED-27A3-4BEC-8F02-80288152562F}
	EndGlobalSection
EndGlobal
